
Microsoft Visual Studio Solution File, Format Version 12.00
# Visual Studio Version 16
VisualStudioVersion = 16.0.30611.23
MinimumVisualStudioVersion = 10.0.40219.1
Project("{FAE04EC0-301F-11D3-BF4B-00C04F79EFBC}") = "SelectionStatements", "SelectionStatements.csproj", "{B17C2618-87E2-43BD-85E3-77A3E821A69D}"
EndProject
Global
	GlobalSection(SolutionConfigurationPlatforms) = preSolution
		Debug|Any CPU = Debug|Any CPU
		Release|Any CPU = Release|Any CPU
	EndGlobalSection
	GlobalSection(ProjectConfigurationPlatforms) = postSolution
		{B17C2618-87E2-43BD-85E3-77A3E821A69D}.Debug|Any CPU.ActiveCfg = Debug|Any CPU
		{B17C2618-87E2-43BD-85E3-77A3E821A69D}.Debug|Any CPU.Build.0 = Debug|Any CPU
		{B17C2618-87E2-43BD-85E3-77A3E821A69D}.Release|Any CPU.ActiveCfg = Release|Any CPU
		{B17C2618-87E2-43BD-85E3-77A3E821A69D}.Release|Any CPU.Build.0 = Release|Any CPU
	EndGlobalSection
	GlobalSection(SolutionProperties) = preSolution
		HideSolutionNode = FALSE
	EndGlobalSection
	GlobalSection(ExtensibilityGlobals) = postSolution
		SolutionGuid = {8754661F-53E5-40AC-8C82-E898C0A77C5F}
	EndGlobalSection
EndGlobal
